{
  "requires": true,
  "lockfileVersion": 1,
  "dependencies": {
    "@babel/runtime": {
      "version": "7.4.4",
      "resolved": "https://registry.npm.taobao.org/@babel/runtime/download/@babel/runtime-7.4.4.tgz",
      "integrity": "sha1-3C40mC6yNoA6onoH/qaFevG5Fx0=",
      "requires": {
        "regenerator-runtime": "^0.13.2"
      }
    },
    "@vant/icons": {
      "version": "1.1.7",
      "resolved": "https://registry.npm.taobao.org/@vant/icons/download/@vant/icons-1.1.7.tgz",
      "integrity": "sha1-KVYa3/+mp1DSedzNvpppt0OTTz8="
    },
    "@vue/babel-helper-vue-jsx-merge-props": {
      "version": "1.0.0",
      "resolved": "https://registry.npm.taobao.org/@vue/babel-helper-vue-jsx-merge-props/download/@vue/babel-helper-vue-jsx-merge-props-1.0.0.tgz",
      "integrity": "sha1-BI/leZWNpAj7eosqPsBQtQpmEEA="
    },
    "regenerator-runtime": {
      "version": "0.13.2",
      "resolved": "http://registry.npm.taobao.org/regenerator-runtime/download/regenerator-runtime-0.13.2.tgz",
      "integrity": "sha1-MuWcmm+5saSv8JtJMMotRHc0NEc="
    },
    "vant": {
      "version": "1.6.17",
      "resolved": "https://registry.npm.taobao.org/vant/download/vant-1.6.17.tgz",
      "integrity": "sha1-/+TQWUtOXFi8SUe1dzaUro96hm8=",
      "requires": {
        "@babel/runtime": "^7.4.3",
        "@vant/icons": "1.1.7",
        "@vue/babel-helper-vue-jsx-merge-props": "^1.0.0-beta.3",
        "vue-lazyload": "1.2.3"
      }
    },
    "vue-lazyload": {
      "version": "1.2.3",
      "resolved": "https://registry.npm.taobao.org/vue-lazyload/download/vue-lazyload-1.2.3.tgz",
      "integrity": "sha1-kB+ewVx+bKeHgaK65KNDaGve2yw="
    }
  }
}
